Microsoft Visual Studio Solution File, Format Version 12.00
# Visual Studio 2013
Project("{8BC9CEB8-8B4A-11D0-8D11-00A0C91BC942}") = "ALL_BUILD", "ALL_BUILD.vcxproj", "{98CD0C7B-865F-478C-B3D7-4871A18AD339}"
	ProjectSection(ProjectDependencies) = postProject
		{889A541E-433F-489F-B5B2-6EF1DDE5306F} = {889A541E-433F-489F-B5B2-6EF1DDE5306F}
		{B8CFF42E-9ED2-4204-AB5B-831A034B93A5} = {B8CFF42E-9ED2-4204-AB5B-831A034B93A5}
	EndProjectSection
EndProject
Project("{8BC9CEB8-8B4A-11D0-8D11-00A0C91BC942}") = "AntennaBuilder", "AntennaBuilder.vcxproj", "{889A541E-433F-489F-B5B2-6EF1DDE5306F}"
	ProjectSection(ProjectDependencies) = postProject
		{B8CFF42E-9ED2-4204-AB5B-831A034B93A5} = {B8CFF42E-9ED2-4204-AB5B-831A034B93A5}
	EndProjectSection
EndProject
Project("{8BC9CEB8-8B4A-11D0-8D11-00A0C91BC942}") = "ZERO_CHECK", "ZERO_CHECK.vcxproj", "{B8CFF42E-9ED2-4204-AB5B-831A034B93A5}"
	ProjectSection(ProjectDependencies) = postProject
	EndProjectSection
EndProject
Global
	GlobalSection(SolutionConfigurationPlatforms) = preSolution
		Debug|Win32 = Debug|Win32
		Release|Win32 = Release|Win32
		MinSizeRel|Win32 = MinSizeRel|Win32
		RelWithDebInfo|Win32 = RelWithDebInfo|Win32
	EndGlobalSection
	GlobalSection(ProjectConfigurationPlatforms) = postSolution
		{98CD0C7B-865F-478C-B3D7-4871A18AD339}.Debug|Win32.ActiveCfg = Debug|Win32
		{98CD0C7B-865F-478C-B3D7-4871A18AD339}.Release|Win32.ActiveCfg = Release|Win32
		{98CD0C7B-865F-478C-B3D7-4871A18AD339}.MinSizeRel|Win32.ActiveCfg = MinSizeRel|Win32
		{98CD0C7B-865F-478C-B3D7-4871A18AD339}.RelWithDebInfo|Win32.ActiveCfg = RelWithDebInfo|Win32
		{889A541E-433F-489F-B5B2-6EF1DDE5306F}.Debug|Win32.ActiveCfg = Debug|Win32
		{889A541E-433F-489F-B5B2-6EF1DDE5306F}.Debug|Win32.Build.0 = Debug|Win32
		{889A541E-433F-489F-B5B2-6EF1DDE5306F}.Release|Win32.ActiveCfg = Release|Win32
		{889A541E-433F-489F-B5B2-6EF1DDE5306F}.Release|Win32.Build.0 = Release|Win32
		{889A541E-433F-489F-B5B2-6EF1DDE5306F}.MinSizeRel|Win32.ActiveCfg = MinSizeRel|Win32
		{889A541E-433F-489F-B5B2-6EF1DDE5306F}.MinSizeRel|Win32.Build.0 = MinSizeRel|Win32
		{889A541E-433F-489F-B5B2-6EF1DDE5306F}.RelWithDebInfo|Win32.ActiveCfg = RelWithDebInfo|Win32
		{889A541E-433F-489F-B5B2-6EF1DDE5306F}.RelWithDebInfo|Win32.Build.0 = RelWithDebInfo|Win32
		{B8CFF42E-9ED2-4204-AB5B-831A034B93A5}.Debug|Win32.ActiveCfg = Debug|Win32
		{B8CFF42E-9ED2-4204-AB5B-831A034B93A5}.Debug|Win32.Build.0 = Debug|Win32
		{B8CFF42E-9ED2-4204-AB5B-831A034B93A5}.Release|Win32.ActiveCfg = Release|Win32
		{B8CFF42E-9ED2-4204-AB5B-831A034B93A5}.Release|Win32.Build.0 = Release|Win32
		{B8CFF42E-9ED2-4204-AB5B-831A034B93A5}.MinSizeRel|Win32.ActiveCfg = MinSizeRel|Win32
		{B8CFF42E-9ED2-4204-AB5B-831A034B93A5}.MinSizeRel|Win32.Build.0 = MinSizeRel|Win32
		{B8CFF42E-9ED2-4204-AB5B-831A034B93A5}.RelWithDebInfo|Win32.ActiveCfg = RelWithDebInfo|Win32
		{B8CFF42E-9ED2-4204-AB5B-831A034B93A5}.RelWithDebInfo|Win32.Build.0 = RelWithDebInfo|Win32
	EndGlobalSection
	GlobalSection(ExtensibilityGlobals) = postSolution
	EndGlobalSection
	GlobalSection(ExtensibilityAddIns) = postSolution
	EndGlobalSection
EndGlobal
