Microsoft Visual Studio Solution File, Format Version 12.00
# Visual Studio 2013
Project("{8BC9CEB8-8B4A-11D0-8D11-00A0C91BC942}") = "ALL_BUILD", "ALL_BUILD.vcxproj", "{C26E1064-201F-4819-8995-FC3431748C96}"
	ProjectSection(ProjectDependencies) = postProject
		{CE7F3ADD-C18E-4A93-8CBF-76CB93BB1EED} = {CE7F3ADD-C18E-4A93-8CBF-76CB93BB1EED}
		{E5B599E6-A39A-4982-80F0-FECFE0B73E83} = {E5B599E6-A39A-4982-80F0-FECFE0B73E83}
	EndProjectSection
EndProject
Project("{8BC9CEB8-8B4A-11D0-8D11-00A0C91BC942}") = "AntennaBuilder", "AntennaBuilder.vcxproj", "{CE7F3ADD-C18E-4A93-8CBF-76CB93BB1EED}"
	ProjectSection(ProjectDependencies) = postProject
		{E5B599E6-A39A-4982-80F0-FECFE0B73E83} = {E5B599E6-A39A-4982-80F0-FECFE0B73E83}
	EndProjectSection
EndProject
Project("{8BC9CEB8-8B4A-11D0-8D11-00A0C91BC942}") = "ZERO_CHECK", "ZERO_CHECK.vcxproj", "{E5B599E6-A39A-4982-80F0-FECFE0B73E83}"
	ProjectSection(ProjectDependencies) = postProject
	EndProjectSection
EndProject
Global
	GlobalSection(SolutionConfigurationPlatforms) = preSolution
		Debug|Win32 = Debug|Win32
		Release|Win32 = Release|Win32
		MinSizeRel|Win32 = MinSizeRel|Win32
		RelWithDebInfo|Win32 = RelWithDebInfo|Win32
	EndGlobalSection
	GlobalSection(ProjectConfigurationPlatforms) = postSolution
		{C26E1064-201F-4819-8995-FC3431748C96}.Debug|Win32.ActiveCfg = Debug|Win32
		{C26E1064-201F-4819-8995-FC3431748C96}.Release|Win32.ActiveCfg = Release|Win32
		{C26E1064-201F-4819-8995-FC3431748C96}.MinSizeRel|Win32.ActiveCfg = MinSizeRel|Win32
		{C26E1064-201F-4819-8995-FC3431748C96}.RelWithDebInfo|Win32.ActiveCfg = RelWithDebInfo|Win32
		{CE7F3ADD-C18E-4A93-8CBF-76CB93BB1EED}.Debug|Win32.ActiveCfg = Debug|Win32
		{CE7F3ADD-C18E-4A93-8CBF-76CB93BB1EED}.Debug|Win32.Build.0 = Debug|Win32
		{CE7F3ADD-C18E-4A93-8CBF-76CB93BB1EED}.Release|Win32.ActiveCfg = Release|Win32
		{CE7F3ADD-C18E-4A93-8CBF-76CB93BB1EED}.Release|Win32.Build.0 = Release|Win32
		{CE7F3ADD-C18E-4A93-8CBF-76CB93BB1EED}.MinSizeRel|Win32.ActiveCfg = MinSizeRel|Win32
		{CE7F3ADD-C18E-4A93-8CBF-76CB93BB1EED}.MinSizeRel|Win32.Build.0 = MinSizeRel|Win32
		{CE7F3ADD-C18E-4A93-8CBF-76CB93BB1EED}.RelWithDebInfo|Win32.ActiveCfg = RelWithDebInfo|Win32
		{CE7F3ADD-C18E-4A93-8CBF-76CB93BB1EED}.RelWithDebInfo|Win32.Build.0 = RelWithDebInfo|Win32
		{E5B599E6-A39A-4982-80F0-FECFE0B73E83}.Debug|Win32.ActiveCfg = Debug|Win32
		{E5B599E6-A39A-4982-80F0-FECFE0B73E83}.Debug|Win32.Build.0 = Debug|Win32
		{E5B599E6-A39A-4982-80F0-FECFE0B73E83}.Release|Win32.ActiveCfg = Release|Win32
		{E5B599E6-A39A-4982-80F0-FECFE0B73E83}.Release|Win32.Build.0 = Release|Win32
		{E5B599E6-A39A-4982-80F0-FECFE0B73E83}.MinSizeRel|Win32.ActiveCfg = MinSizeRel|Win32
		{E5B599E6-A39A-4982-80F0-FECFE0B73E83}.MinSizeRel|Win32.Build.0 = MinSizeRel|Win32
		{E5B599E6-A39A-4982-80F0-FECFE0B73E83}.RelWithDebInfo|Win32.ActiveCfg = RelWithDebInfo|Win32
		{E5B599E6-A39A-4982-80F0-FECFE0B73E83}.RelWithDebInfo|Win32.Build.0 = RelWithDebInfo|Win32
	EndGlobalSection
	GlobalSection(ExtensibilityGlobals) = postSolution
	EndGlobalSection
	GlobalSection(ExtensibilityAddIns) = postSolution
	EndGlobalSection
EndGlobal
